// !$*UTF8*$!
{
	archiveVersion = 1;
	classes = {
	};
	objectVersion = 77;
	objects = {

/* Begin PBXBuildFile section */
		FE4B61632F338945007AAFCE /* FirebaseAuth in Frameworks */ = {isa = PBXBuildFile; productRef = FE4B61622F338945007AAFCE /* FirebaseAuth */; };
		FE4B61652F338945007AAFCE /* FirebaseCore in Frameworks */ = {isa = PBXBuildFile; productRef = FE4B61642F338945007AAFCE /* FirebaseCore */; };
		FE4B61672F338945007AAFCE /* FirebaseDatabase in Frameworks */ = {isa = PBXBuildFile; productRef = FE4B61662F338945007AAFCE /* FirebaseDatabase */; };
		FE4B61692F338945007AAFCE /* FirebaseFirestore in Frameworks */ = {isa = PBXBuildFile; productRef = FE4B61682F338945007AAFCE /* FirebaseFirestore */; };
/* End PBXBuildFile section */

/* Begin PBXFileReference section */
		FE4B61512F33885C007AAFCE /* GroceryGatundu.app */ = {isa = PBXFileReference; explicitFileType = wrapper.application; includeInIndex = 0; path = GroceryGatundu.app; sourceTree = BUILT_PRODUCTS_DIR; };
/* End PBXFileReference section */

/* Begin PBXFileSystemSynchronizedRootGroup section */
		FE4B61532F33885C007AAFCE /* GroceryGatundu */ = {
			isa = PBXFileSystemSynchronizedRootGroup;
			path = GroceryGatundu;
			sourceTree = "<group>";
		};
/* End PBXFileSystemSynchronizedRootGroup section */

/* Begin PBXFrameworksBuildPhase section */
		FE4B614E2F33885C007AAFCE /* Frameworks */ = {
			isa = PBXFrameworksBuildPhase;
			buildActionMask = 2147483647;
			files = (
				FE4B61672F338945007AAFCE /* FirebaseDatabase in Frameworks */,
				FE4B61692F338945007AAFCE /* FirebaseFirestore in Frameworks */,
				FE4B61652F338945007AAFCE /* FirebaseCore in Frameworks */,
				FE4B61632F338945007AAFCE /* FirebaseAuth in Frameworks */,
			);
			runOnlyForDeploymentPostprocessing = 0;
		};
/* End PBXFrameworksBuildPhase section */

/* Begin PBXGroup section */
		FE4B61482F33885C007AAFCE = {
			isa = PBXGroup;
			children = (
				FE4B61532F33885C007AAFCE /* GroceryGatundu */,
				FE4B61522F33885C007AAFCE /* Products */,
			);
			sourceTree = "<group>";
		};
		FE4B61522F33885C007AAFCE /* Products */ = {
			isa = PBXGroup;
			children = (
				FE4B61512F33885C007AAFCE /* GroceryGatundu.app */,
			);
			name = Products;
			sourceTree = "<group>";
		};
/* End PBXGroup section */

/* Begin PBXNativeTarget section */
		FE4B61502F33885C007AAFCE /* GroceryGatundu */ = {
			isa = PBXNativeTarget;
			buildConfigurationList = FE4B615C2F33885D007AAFCE /* Build configuration list for PBXNativeTarget "GroceryGatundu" */;
			buildPhases = (
				FE4B614D2F33885C007AAFCE /* Sources */,
				FE4B614E2F33885C007AAFCE /* Frameworks */,
				FE4B614F2F33885C007AAFCE /* Resources */,
			);
			buildRules = (
			);
			dependencies = (
			);
			fileSystemSynchronizedGroups = (
				FE4B61532F33885C007AAFCE /* GroceryGatundu */,
			);
			name = GroceryGatundu;
			packageProductDependencies = (
				FE4B61622F338945007AAFCE /* FirebaseAuth */,
				FE4B61642F338945007AAFCE /* FirebaseCore */,
				FE4B61662F338945007AAFCE /* FirebaseDatabase */,
				FE4B61682F338945007AAFCE /* FirebaseFirestore */,
			);
			productName = GroceryGatundu;
			productReference = FE4B61512F33885C007AAFCE /* GroceryGatundu.app */;
			productType = "com.apple.product-type.application";
		};
/* End PBXNativeTarget section */

/* Begin PBXProject section */
		FE4B61492F33885C007AAFCE /* Project object */ = {
			isa = PBXProject;
			attributes = {
				BuildIndependentTargetsInParallel = 1;
				LastSwiftUpdateCheck = 2620;
				LastUpgradeCheck = 2620;
				TargetAttributes = {
					FE4B61502F33885C007AAFCE = {
						CreatedOnToolsVersion = 26.2;
					};
				};
			};
			buildConfigurationList = FE4B614C2F33885C007AAFCE /* Build configuration list for PBXProject "GroceryGatundu" */;
			developmentRegion = en;
			hasScannedForEncodings = 0;
			knownRegions = (
				en,
				Base,
			);
			mainGroup = FE4B61482F33885C007AAFCE;
			minimizedProjectReferenceProxies = 1;
			packageReferences = (
				FE4B61612F338944007AAFCE /* XCRemoteSwiftPackageReference "firebase-ios-sdk" */,
			);
			preferredProjectObjectVersion = 77;
			productRefGroup = FE4B61522F33885C007AAFCE /* Products */;
			projectDirPath = "";
			projectRoot = "";
			targets = (
				FE4B61502F33885C007AAFCE /* GroceryGatundu */,
			);
		};
/* End PBXProject section */

/* Begin PBXResourcesBuildPhase section */
		FE4B614F2F33885C007AAFCE /* Resources */ = {
			isa = PBXResourcesBuildPhase;
			buildActionMask = 2147483647;
			files = (
			);
			runOnlyForDeploymentPostprocessing = 0;
		};
/* End PBXResourcesBuildPhase section */

/* Begin PBXSourcesBuildPhase section */
		FE4B614D2F33885C007AAFCE /* Sources */ = {
			isa = PBXSourcesBuildPhase;
			buildActionMask = 2147483647;
			files = (
			);
			runOnlyForDeploymentPostprocessing = 0;
		};
/* End PBXSourcesBuildPhase section */

/* Begin XCBuildConfiguration section */
		FE4B615A2F33885D007AAFCE /* Debug */ = {
			isa = XCBuildConfiguration;
			buildSettings = {
				ALWAYS_SEARCH_USER_PATHS = NO;
				ASSETCATALOG_COMPILER_GENERATE_SWIFT_ASSET_SYMBOL_EXTENSIONS = YES;
				CLANG_ANALYZER_NONNULL = YES;
				CLANG_ANALYZER_NUMBER_OBJECT_CONVERSION = YES_AGGRESSIVE;
				CLANG_CXX_LANGUAGE_STANDARD = "gnu++20";
				CLANG_ENABLE_MODULES = YES;
				CLANG_ENABLE_OBJC_ARC = YES;
				CLANG_ENABLE_OBJC_WEAK = YES;
				CLANG_WARN_BLOCK_CAPTURE_AUTORELEASING = YES;
				CLANG_WARN_BOOL_CONVERSION = YES;
				CLANG_WARN_COMMA = YES;
				CLANG_WARN_CONSTANT_CONVERSION = YES;
				CLANG_WARN_DEPRECATED_OBJC_IMPLEMENTATIONS = YES;
				CLANG_WARN_DIRECT_OBJC_ISA_USAGE = YES_ERROR;
				CLANG_WARN_DOCUMENTATION_COMMENTS = YES;
				CLANG_WARN_EMPTY_BODY = YES;
				CLANG_WARN_ENUM_CONVERSION = YES;
				CLANG_WARN_INFINITE_RECURSION = YES;
				CLANG_WARN_INT_CONVERSION = YES;
				CLANG_WARN_NON_LITERAL_NULL_CONVERSION = YES;
				CLANG_WARN_OBJC_IMPLICIT_RETAIN_SELF = YES;
				CLANG_WARN_OBJC_LITERAL_CONVERSION = YES;
				CLANG_WARN_OBJC_ROOT_CLASS = YES_ERROR;
				CLANG_WARN_QUOTED_INCLUDE_IN_FRAMEWORK_HEADER = YES;
				CLANG_WARN_RANGE_LOOP_ANALYSIS = YES;
				CLANG_WARN_STRICT_PROTOTYPES = YES;
				CLANG_WARN_SUSPICIOUS_MOVE = YES;
				CLANG_WARN_UNGUARDED_AVAILABILITY = YES_AGGRESSIVE;
				CLANG_WARN_UNREACHABLE_CODE = YES;
				CLANG_WARN__DUPLICATE_METHOD_MATCH = YES;
				COPY_PHASE_STRIP = NO;
				DEBUG_INFORMATION_FORMAT = dwarf;
				ENABLE_STRICT_OBJC_MSGSEND = YES;
				ENABLE_TESTABILITY = YES;
				ENABLE_USER_SCRIPT_SANDBOXING = YES;
				GCC_C_LANGUAGE_STANDARD = gnu17;
				GCC_DYNAMIC_NO_PIC = NO;
				GCC_NO_COMMON_BLOCKS = YES;
				GCC_OPTIMIZATION_LEVEL = 0;
				GCC_PREPROCESSOR_DEFINITIONS = (
					"DEBUG=1",
					"$(inherited)",
				);
				GCC_WARN_64_TO_32_BIT_CONVERSION = YES;
				GCC_WARN_ABOUT_RETURN_TYPE = YES_ERROR;
				GCC_WARN_UNDECLARED_SELECTOR = YES;
				GCC_WARN_UNINITIALIZED_AUTOS = YES_AGGRESSIVE;
				GCC_WARN_UNUSED_FUNCTION = YES;
				GCC_WARN_UNUSED_VARIABLE = YES;
				IPHONEOS_DEPLOYMENT_TARGET = 26.2;
				LOCALIZATION_PREFERS_STRING_CATALOGS = YES;
				MTL_ENABLE_DEBUG_INFO = INCLUDE_SOURCE;
				MTL_FAST_MATH = YES;
				ONLY_ACTIVE_ARCH = YES;
				SDKROOT = iphoneos;
				SWIFT_ACTIVE_COMPILATION_CONDITIONS = "DEBUG $(inherited)";
				SWIFT_OPTIMIZATION_LEVEL = "-Onone";
			};
			name = Debug;
		};
		FE4B615B2F33885D007AAFCE /* Release */ = {
			isa = XCBuildConfiguration;
			buildSettings = {
				ALWAYS_SEARCH_USER_PATHS = NO;
				ASSETCATALOG_COMPILER_GENERATE_SWIFT_ASSET_SYMBOL_EXTENSIONS = YES;
				CLANG_ANALYZER_NONNULL = YES;
				CLANG_ANALYZER_NUMBER_OBJECT_CONVERSION = YES_AGGRESSIVE;
				CLANG_CXX_LANGUAGE_STANDARD = "gnu++20";
				CLANG_ENABLE_MODULES = YES;
				CLANG_ENABLE_OBJC_ARC = YES;
				CLANG_ENABLE_OBJC_WEAK = YES;
				CLANG_WARN_BLOCK_CAPTURE_AUTORELEASING = YES;
				CLANG_WARN_BOOL_CONVERSION = YES;
				CLANG_WARN_COMMA = YES;
				CLANG_WARN_CONSTANT_CONVERSION = YES;
				CLANG_WARN_DEPRECATED_OBJC_IMPLEMENTATIONS = YES;
				CLANG_WARN_DIRECT_OBJC_ISA_USAGE = YES_ERROR;
				CLANG_WARN_DOCUMENTATION_COMMENTS = YES;
				CLANG_WARN_EMPTY_BODY = YES;
				CLANG_WARN_ENUM_CONVERSION = YES;
				CLANG_WARN_INFINITE_RECURSION = YES;
				CLANG_WARN_INT_CONVERSION = YES;
				CLANG_WARN_NON_LITERAL_NULL_CONVERSION = YES;
				CLANG_WARN_OBJC_IMPLICIT_RETAIN_SELF = YES;
				CLANG_WARN_OBJC_LITERAL_CONVERSION = YES;
				CLANG_WARN_OBJC_ROOT_CLASS = YES_ERROR;
				CLANG_WARN_QUOTED_INCLUDE_IN_FRAMEWORK_HEADER = YES;
				CLANG_WARN_RANGE_LOOP_ANALYSIS = YES;
				CLANG_WARN_STRICT_PROTOTYPES = YES;
				CLANG_WARN_SUSPICIOUS_MOVE = YES;
				CLANG_WARN_UNGUARDED_AVAILABILITY = YES_AGGRESSIVE;
				CLANG_WARN_UNREACHABLE_CODE = YES;
				CLANG_WARN__DUPLICATE_METHOD_MATCH = YES;
				COPY_PHASE_STRIP = NO;
				DEBUG_INFORMATION_FORMAT = "dwarf-with-dsym";
				ENABLE_NS_ASSERTIONS = NO;
				ENABLE_STRICT_OBJC_MSGSEND = YES;
				ENABLE_USER_SCRIPT_SANDBOXING = YES;
				GCC_C_LANGUAGE_STANDARD = gnu17;
				GCC_NO_COMMON_BLOCKS = YES;
				GCC_WARN_64_TO_32_BIT_CONVERSION = YES;
				GCC_WARN_ABOUT_RETURN_TYPE = YES_ERROR;
				GCC_WARN_UNDECLARED_SELECTOR = YES;
				GCC_WARN_UNINITIALIZED_AUTOS = YES_AGGRESSIVE;
				GCC_WARN_UNUSED_FUNCTION = YES;
				GCC_WARN_UNUSED_VARIABLE = YES;
				IPHONEOS_DEPLOYMENT_TARGET = 26.2;
				LOCALIZATION_PREFERS_STRING_CATALOGS = YES;
				MTL_ENABLE_DEBUG_INFO = NO;
				MTL_FAST_MATH = YES;
				SDKROOT = iphoneos;
				SWIFT_COMPILATION_MODE = wholemodule;
				VALIDATE_PRODUCT = YES;
			};
			name = Release;
		};
		FE4B615D2F33885D007AAFCE /* Debug */ = {
			isa = XCBuildConfiguration;
			buildSettings = {
				ASSETCATALOG_COMPILER_APPICON_NAME = AppIcon;
				ASSETCATALOG_COMPILER_GLOBAL_ACCENT_COLOR_NAME = AccentColor;
				CODE_SIGN_STYLE = Automatic;
				CURRENT_PROJECT_VERSION = 1;
				ENABLE_PREVIEWS = YES;
				GENERATE_INFOPLIST_FILE = YES;
				INFOPLIST_KEY_UIApplicationSceneManifest_Generation = YES;
				INFOPLIST_KEY_UIApplicationSupportsIndirectInputEvents = YES;
				INFOPLIST_KEY_UILaunchScreen_Generation = YES;
				INFOPLIST_KEY_UISupportedInterfaceOrientations_iPad = "UIInterfaceOrientationPortrait UIInterfaceOrientationPortraitUpsideDown UIInterfaceOrientationLandscapeLeft UIInterfaceOrientationLandscapeRight";
				INFOPLIST_KEY_UISupportedInterfaceOrientations_iPhone = "UIInterfaceOrientationPortrait UIInterfaceOrientationLandscapeLeft UIInterfaceOrientationLandscapeRight";
				IPHONEOS_DEPLOYMENT_TARGET = 26.0;
				LD_RUNPATH_SEARCH_PATHS = (
					"$(inherited)",
					"@executable_path/Frameworks",
				);
				MARKETING_VERSION = 1.0;
				PRODUCT_BUNDLE_IDENTIFIER = CLC.GroceryGatundu;
				PRODUCT_NAME = "$(TARGET_NAME)";
				STRING_CATALOG_GENERATE_SYMBOLS = YES;
				SWIFT_APPROACHABLE_CONCURRENCY = YES;
				SWIFT_DEFAULT_ACTOR_ISOLATION = MainActor;
				SWIFT_EMIT_LOC_STRINGS = YES;
				SWIFT_UPCOMING_FEATURE_MEMBER_IMPORT_VISIBILITY = YES;
				SWIFT_VERSION = 5.0;
				TARGETED_DEVICE_FAMILY = "1,2";
			};
			name = Debug;
		};
		FE4B615E2F33885D007AAFCE /* Release */ = {
			isa = XCBuildConfiguration;
			buildSettings = {
				ASSETCATALOG_COMPILER_APPICON_NAME = AppIcon;
				ASSETCATALOG_COMPILER_GLOBAL_ACCENT_COLOR_NAME = AccentColor;
				CODE_SIGN_STYLE = Automatic;
				CURRENT_PROJECT_VERSION = 1;
				ENABLE_PREVIEWS = YES;
				GENERATE_INFOPLIST_FILE = YES;
				INFOPLIST_KEY_UIApplicationSceneManifest_Generation = YES;
				INFOPLIST_KEY_UIApplicationSupportsIndirectInputEvents = YES;
				INFOPLIST_KEY_UILaunchScreen_Generation = YES;
				INFOPLIST_KEY_UISupportedInterfaceOrientations_iPad = "UIInterfaceOrientationPortrait UIInterfaceOrientationPortraitUpsideDown UIInterfaceOrientationLandscapeLeft UIInterfaceOrientationLandscapeRight";
				INFOPLIST_KEY_UISupportedInterfaceOrientations_iPhone = "UIInterfaceOrientationPortrait UIInterfaceOrientationLandscapeLeft UIInterfaceOrientationLandscapeRight";
				IPHONEOS_DEPLOYMENT_TARGET = 26.0;
				LD_RUNPATH_SEARCH_PATHS = (
					"$(inherited)",
					"@executable_path/Frameworks",
				);
				MARKETING_VERSION = 1.0;
				PRODUCT_BUNDLE_IDENTIFIER = CLC.GroceryGatundu;
				PRODUCT_NAME = "$(TARGET_NAME)";
				STRING_CATALOG_GENERATE_SYMBOLS = YES;
				SWIFT_APPROACHABLE_CONCURRENCY = YES;
				SWIFT_DEFAULT_ACTOR_ISOLATION = MainActor;
				SWIFT_EMIT_LOC_STRINGS = YES;
				SWIFT_UPCOMING_FEATURE_MEMBER_IMPORT_VISIBILITY = YES;
				SWIFT_VERSION = 5.0;
				TARGETED_DEVICE_FAMILY = "1,2";
			};
			name = Release;
		};
/* End XCBuildConfiguration section */

/* Begin XCConfigurationList section */
		FE4B614C2F33885C007AAFCE /* Build configuration list for PBXProject "GroceryGatundu" */ = {
			isa = XCConfigurationList;
			buildConfigurations = (
				FE4B615A2F33885D007AAFCE /* Debug */,
				FE4B615B2F33885D007AAFCE /* Release */,
			);
			defaultConfigurationIsVisible = 0;
			defaultConfigurationName = Release;
		};
		FE4B615C2F33885D007AAFCE /* Build configuration list for PBXNativeTarget "GroceryGatundu" */ = {
			isa = XCConfigurationList;
			buildConfigurations = (
				FE4B615D2F33885D007AAFCE /* Debug */,
				FE4B615E2F33885D007AAFCE /* Release */,
			);
			defaultConfigurationIsVisible = 0;
			defaultConfigurationName = Release;
		};
/* End XCConfigurationList section */

/* Begin XCRemoteSwiftPackageReference section */
		FE4B61612F338944007AAFCE /* XCRemoteSwiftPackageReference "firebase-ios-sdk" */ = {
			isa = XCRemoteSwiftPackageReference;
			repositoryURL = "https://github.com/firebase/firebase-ios-sdk";
			requirement = {
				kind = upToNextMajorVersion;
				minimumVersion = 12.9.0;
			};
		};
/* End XCRemoteSwiftPackageReference section */

/* Begin XCSwiftPackageProductDependency section */
		FE4B61622F338945007AAFCE /* FirebaseAuth */ = {
			isa = XCSwiftPackageProductDependency;
			package = FE4B61612F338944007AAFCE /* XCRemoteSwiftPackageReference "firebase-ios-sdk" */;
			productName = FirebaseAuth;
		};
		FE4B61642F338945007AAFCE /* FirebaseCore */ = {
			isa = XCSwiftPackageProductDependency;
			package = FE4B61612F338944007AAFCE /* XCRemoteSwiftPackageReference "firebase-ios-sdk" */;
			productName = FirebaseCore;
		};
		FE4B61662F338945007AAFCE /* FirebaseDatabase */ = {
			isa = XCSwiftPackageProductDependency;
			package = FE4B61612F338944007AAFCE /* XCRemoteSwiftPackageReference "firebase-ios-sdk" */;
			productName = FirebaseDatabase;
		};
		FE4B61682F338945007AAFCE /* FirebaseFirestore */ = {
			isa = XCSwiftPackageProductDependency;
			package = FE4B61612F338944007AAFCE /* XCRemoteSwiftPackageReference "firebase-ios-sdk" */;
			productName = FirebaseFirestore;
		};
/* End XCSwiftPackageProductDependency section */
	};
	rootObject = FE4B61492F33885C007AAFCE /* Project object */;
}
